<?xml version="1.0" encoding="utf-8"?>
<Project ToolsVersion="4.0" xmlns="http://schemas.microsoft.com/developer/msbuild/2003">
  <ItemGroup>
    <ClCompile Include="Commande.cpp" />
    <ClCompile Include="Item.cpp" />
    <ClCompile Include="LifeUpgrade.cpp" />
    <ClCompile Include="Orientation.cpp" />
    <ClCompile Include="TorcheUpgrade.cpp" />
    <ClCompile Include="Personnage.cpp" />
  </ItemGroup>
  <ItemGroup>
    <ClInclude Include="Commande.h" />
    <ClInclude Include="Item.h" />
    <ClInclude Include="LifeUpgrade.h" />
    <ClInclude Include="Menu.h" />
    <ClInclude Include="Orientation.h" />
    <ClInclude Include="Position.h" />
    <ClInclude Include="TorcheUpgrade.h" />
    <ClInclude Include="Personnage.h" />
  </ItemGroup>
</Project>